
Microsoft Visual Studio Solution File, Format Version 12.00
# Visual Studio 15
VisualStudioVersion = 15.0.28010.2003
MinimumVisualStudioVersion = 10.0.40219.1
Project("{FAE04EC0-301F-11D3-BF4B-00C04F79EFBC}") = "TAIS_S2_Sistema_Matriculas", "TAIS_S2_Sistema_Matriculas\TAIS_S2_Sistema_Matriculas.csproj", "{479940E0-0AA7-446A-B2C5-18B0AAE48452}"
EndProject
Global
	GlobalSection(SolutionConfigurationPlatforms) = preSolution
		Debug|Any CPU = Debug|Any CPU
		Release|Any CPU = Release|Any CPU
	EndGlobalSection
	GlobalSection(ProjectConfigurationPlatforms) = postSolution
		{479940E0-0AA7-446A-B2C5-18B0AAE48452}.Debug|Any CPU.ActiveCfg = Debug|Any CPU
		{479940E0-0AA7-446A-B2C5-18B0AAE48452}.Debug|Any CPU.Build.0 = Debug|Any CPU
		{479940E0-0AA7-446A-B2C5-18B0AAE48452}.Release|Any CPU.ActiveCfg = Release|Any CPU
		{479940E0-0AA7-446A-B2C5-18B0AAE48452}.Release|Any CPU.Build.0 = Release|Any CPU
	EndGlobalSection
	GlobalSection(SolutionProperties) = preSolution
		HideSolutionNode = FALSE
	EndGlobalSection
	GlobalSection(ExtensibilityGlobals) = postSolution
		SolutionGuid = {1BC41B00-68E1-401E-AF8C-6F77428131C8}
	EndGlobalSection
EndGlobal
